
Microsoft Visual Studio Solution File, Format Version 12.00
# Visual Studio Version 17
VisualStudioVersion = 17.5.33516.290
MinimumVisualStudioVersion = 10.0.40219.1
Project("{9A19103F-16F7-4668-BE54-9A1E7A4F7556}") = "superChat", "superChat.csproj", "{B4AA13B5-95B7-462E-BFBF-72251B7A4942}"
EndProject
Project("{FAE04EC0-301F-11D3-BF4B-00C04F79EFBC}") = "Server", "..\Server\Server.csproj", "{49EA8FC6-25DB-4C91-AF50-EB98FDFE306D}"
EndProject
Global
	GlobalSection(SolutionConfigurationPlatforms) = preSolution
		Debug|Any CPU = Debug|Any CPU
		Release|Any CPU = Release|Any CPU
	EndGlobalSection
	GlobalSection(ProjectConfigurationPlatforms) = postSolution
		{B4AA13B5-95B7-462E-BFBF-72251B7A4942}.Debug|Any CPU.ActiveCfg = Debug|Any CPU
		{B4AA13B5-95B7-462E-BFBF-72251B7A4942}.Debug|Any CPU.Build.0 = Debug|Any CPU
		{B4AA13B5-95B7-462E-BFBF-72251B7A4942}.Release|Any CPU.ActiveCfg = Release|Any CPU
		{B4AA13B5-95B7-462E-BFBF-72251B7A4942}.Release|Any CPU.Build.0 = Release|Any CPU
		{49EA8FC6-25DB-4C91-AF50-EB98FDFE306D}.Debug|Any CPU.ActiveCfg = Debug|Any CPU
		{49EA8FC6-25DB-4C91-AF50-EB98FDFE306D}.Debug|Any CPU.Build.0 = Debug|Any CPU
		{49EA8FC6-25DB-4C91-AF50-EB98FDFE306D}.Release|Any CPU.ActiveCfg = Release|Any CPU
		{49EA8FC6-25DB-4C91-AF50-EB98FDFE306D}.Release|Any CPU.Build.0 = Release|Any CPU
	EndGlobalSection
	GlobalSection(SolutionProperties) = preSolution
		HideSolutionNode = FALSE
	EndGlobalSection
	GlobalSection(ExtensibilityGlobals) = postSolution
		SolutionGuid = {7F379F18-95F4-4847-872B-2982A07F8576}
	EndGlobalSection
EndGlobal
